
Microsoft Visual Studio Solution File, Format Version 12.00
# Visual Studio 15
VisualStudioVersion = 15.0.28010.2046
MinimumVisualStudioVersion = 10.0.40219.1
Project("{8BC9CEB8-8B4A-11D0-8D11-00A0C91BC942}") = "Lab01_Wstep", "Lab01_Wstep\Lab01_Wstep.vcxproj", "{2A4266FB-3B03-4230-B7D5-4C439DFC10C8}"
EndProject
Global
	GlobalSection(SolutionConfigurationPlatforms) = preSolution
		Debug|x64 = Debug|x64
		Debug|x86 = Debug|x86
		Release|x64 = Release|x64
		Release|x86 = Release|x86
	EndGlobalSection
	GlobalSection(ProjectConfigurationPlatforms) = postSolution
		{2A4266FB-3B03-4230-B7D5-4C439DFC10C8}.Debug|x64.ActiveCfg = Debug|x64
		{2A4266FB-3B03-4230-B7D5-4C439DFC10C8}.Debug|x64.Build.0 = Debug|x64
		{2A4266FB-3B03-4230-B7D5-4C439DFC10C8}.Debug|x86.ActiveCfg = Debug|Win32
		{2A4266FB-3B03-4230-B7D5-4C439DFC10C8}.Debug|x86.Build.0 = Debug|Win32
		{2A4266FB-3B03-4230-B7D5-4C439DFC10C8}.Release|x64.ActiveCfg = Release|x64
		{2A4266FB-3B03-4230-B7D5-4C439DFC10C8}.Release|x64.Build.0 = Release|x64
		{2A4266FB-3B03-4230-B7D5-4C439DFC10C8}.Release|x86.ActiveCfg = Release|Win32
		{2A4266FB-3B03-4230-B7D5-4C439DFC10C8}.Release|x86.Build.0 = Release|Win32
	EndGlobalSection
	GlobalSection(SolutionProperties) = preSolution
		HideSolutionNode = FALSE
	EndGlobalSection
	GlobalSection(ExtensibilityGlobals) = postSolution
		SolutionGuid = {E64B04A0-CA45-4FE1-B388-19C2A207BF68}
	EndGlobalSection
EndGlobal
